# THIS IS AN AUTOGENERATED FILE. DO NOT EDIT THIS FILE DIRECTLY.
# yarn lockfile v1


"@babel/runtime@^7.23.2":
  version "7.25.6"
  resolved "https://registry.yarnpkg.com/@babel/runtime/-/runtime-7.25.6.tgz#9afc3289f7184d8d7f98b099884c26317b9264d2"
  integrity sha512-VBj9MYyDb9tuLq7yzqjgzt6Q+IBQLrGZfdjOekyEirZPHxXWoTSGUTMrpsfi58Up73d13NfYLv8HT9vmznjzhQ==
  dependencies:
    regenerator-runtime "^0.14.0"

i18next-browser-languagedetector@^8.0.0:
  version "8.0.0"
  resolved "https://registry.yarnpkg.com/i18next-browser-languagedetector/-/i18next-browser-languagedetector-8.0.0.tgz#b6fdd9b43af67c47f2c26c9ba27710a1eaf31e2f"
  integrity sha512-zhXdJXTTCoG39QsrOCiOabnWj2jecouOqbchu3EfhtSHxIB5Uugnm9JaizenOy39h7ne3+fLikIjeW88+rgszw==
  dependencies:
    "@babel/runtime" "^7.23.2"

i18next@^23.15.1:
  version "23.15.1"
  resolved "https://registry.yarnpkg.com/i18next/-/i18next-23.15.1.tgz#c50de337bf12ca5195e697cc0fbe5f32304871d9"
  integrity sha512-wB4abZ3uK7EWodYisHl/asf8UYEhrI/vj/8aoSsrj/ZDxj4/UXPOa1KvFt1Fq5hkUHquNqwFlDprmjZ8iySgYA==
  dependencies:
    "@babel/runtime" "^7.23.2"

regenerator-runtime@^0.14.0:
  version "0.14.1"
  resolved "https://registry.yarnpkg.com/regenerator-runtime/-/regenerator-runtime-0.14.1.tgz#356ade10263f685dda125100cd862c1db895327f"
  integrity sha512-dYnhHh0nJoMfnkZs6GmmhFknAGRrLznOu5nc9ML+EJxGvrx6H7teuevqVqCuPcPK//3eDrrjQhehXVx9cnkGdw==
